
Microsoft Visual Studio Solution File, Format Version 12.00
# Visual Studio 15
VisualStudioVersion = 15.0.28307.421
MinimumVisualStudioVersion = 10.0.40219.1
Project("{9A19103F-16F7-4668-BE54-9A1E7A4F7556}") = "DataAccessLayer", "DataAccessLayer\DataAccessLayer.csproj", "{ABEA0AE9-4D35-40F7-BDDD-55DF85518B1D}"
EndProject
Project("{9A19103F-16F7-4668-BE54-9A1E7A4F7556}") = "ServiceLayer", "ServiceLayer\ServiceLayer.csproj", "{CD21E67E-B393-4DD7-97C5-7F5E491A5D8E}"
EndProject
Project("{9A19103F-16F7-4668-BE54-9A1E7A4F7556}") = "API", "API\API.csproj", "{5506690E-B28A-4E5C-8477-EE9551638270}"
EndProject
Project("{9A19103F-16F7-4668-BE54-9A1E7A4F7556}") = "WEB", "WEB\WEB.csproj", "{AA4F1ADA-4D02-4CCD-BBCB-063B928178FB}"
EndProject
Global
	GlobalSection(SolutionConfigurationPlatforms) = preSolution
		Debug|Any CPU = Debug|Any CPU
		Release|Any CPU = Release|Any CPU
	EndGlobalSection
	GlobalSection(ProjectConfigurationPlatforms) = postSolution
		{ABEA0AE9-4D35-40F7-BDDD-55DF85518B1D}.Debug|Any CPU.ActiveCfg = Debug|Any CPU
		{ABEA0AE9-4D35-40F7-BDDD-55DF85518B1D}.Debug|Any CPU.Build.0 = Debug|Any CPU
		{ABEA0AE9-4D35-40F7-BDDD-55DF85518B1D}.Release|Any CPU.ActiveCfg = Release|Any CPU
		{ABEA0AE9-4D35-40F7-BDDD-55DF85518B1D}.Release|Any CPU.Build.0 = Release|Any CPU
		{CD21E67E-B393-4DD7-97C5-7F5E491A5D8E}.Debug|Any CPU.ActiveCfg = Debug|Any CPU
		{CD21E67E-B393-4DD7-97C5-7F5E491A5D8E}.Debug|Any CPU.Build.0 = Debug|Any CPU
		{CD21E67E-B393-4DD7-97C5-7F5E491A5D8E}.Release|Any CPU.ActiveCfg = Release|Any CPU
		{CD21E67E-B393-4DD7-97C5-7F5E491A5D8E}.Release|Any CPU.Build.0 = Release|Any CPU
		{5506690E-B28A-4E5C-8477-EE9551638270}.Debug|Any CPU.ActiveCfg = Debug|Any CPU
		{5506690E-B28A-4E5C-8477-EE9551638270}.Debug|Any CPU.Build.0 = Debug|Any CPU
		{5506690E-B28A-4E5C-8477-EE9551638270}.Release|Any CPU.ActiveCfg = Release|Any CPU
		{5506690E-B28A-4E5C-8477-EE9551638270}.Release|Any CPU.Build.0 = Release|Any CPU
		{AA4F1ADA-4D02-4CCD-BBCB-063B928178FB}.Debug|Any CPU.ActiveCfg = Debug|Any CPU
		{AA4F1ADA-4D02-4CCD-BBCB-063B928178FB}.Debug|Any CPU.Build.0 = Debug|Any CPU
		{AA4F1ADA-4D02-4CCD-BBCB-063B928178FB}.Release|Any CPU.ActiveCfg = Release|Any CPU
		{AA4F1ADA-4D02-4CCD-BBCB-063B928178FB}.Release|Any CPU.Build.0 = Release|Any CPU
	EndGlobalSection
	GlobalSection(SolutionProperties) = preSolution
		HideSolutionNode = FALSE
	EndGlobalSection
	GlobalSection(ExtensibilityGlobals) = postSolution
		SolutionGuid = {135D3B67-0A0B-4099-BB74-7BFD30C09853}
	EndGlobalSection
EndGlobal
